// !$*UTF8*$!
{
	archiveVersion = 1;
	classes = {
	};
	objectVersion = 46;
	objects = {

/* Begin PBXBuildFile section */
		F59076FB190F3B1B004EAE03 /* Foundation.framework in Frameworks */ = {isa = PBXBuildFile; fileRef = F59076FA190F3B1B004EAE03 /* Foundation.framework */; };
		F59076FD190F3B1B004EAE03 /* CoreGraphics.framework in Frameworks */ = {isa = PBXBuildFile; fileRef = F59076FC190F3B1B004EAE03 /* CoreGraphics.framework */; };
		F59076FF190F3B1B004EAE03 /* UIKit.framework in Frameworks */ = {isa = PBXBuildFile; fileRef = F59076FE190F3B1B004EAE03 /* UIKit.framework */; };
		F5907705190F3B1B004EAE03 /* InfoPlist.strings in Resources */ = {isa = PBXBuildFile; fileRef = F5907703190F3B1B004EAE03 /* InfoPlist.strings */; };
		F5907707190F3B1B004EAE03 /* main.m in Sources */ = {isa = PBXBuildFile; fileRef = F5907706190F3B1B004EAE03 /* main.m */; };
		F590770B190F3B1B004EAE03 /* QuizAppDelegate.m in Sources */ = {isa = PBXBuildFile; fileRef = F590770A190F3B1B004EAE03 /* QuizAppDelegate.m */; };
		F590770E190F3B1B004EAE03 /* Main.storyboard in Resources */ = {isa = PBXBuildFile; fileRef = F590770C190F3B1B004EAE03 /* Main.storyboard */; };
		F5907711190F3B1B004EAE03 /* QuizViewController.m in Sources */ = {isa = PBXBuildFile; fileRef = F5907710190F3B1B004EAE03 /* QuizViewController.m */; };
		F5907713190F3B1B004EAE03 /* Images.xcassets in Resources */ = {isa = PBXBuildFile; fileRef = F5907712190F3B1B004EAE03 /* Images.xcassets */; };
		F590771A190F3B1B004EAE03 /* XCTest.framework in Frameworks */ = {isa = PBXBuildFile; fileRef = F5907719190F3B1B004EAE03 /* XCTest.framework */; };
		F590771B190F3B1B004EAE03 /* Foundation.framework in Frameworks */ = {isa = PBXBuildFile; fileRef = F59076FA190F3B1B004EAE03 /* Foundation.framework */; };
		F590771C190F3B1B004EAE03 /* UIKit.framework in Frameworks */ = {isa = PBXBuildFile; fileRef = F59076FE190F3B1B004EAE03 /* UIKit.framework */; };
		F5907724190F3B1B004EAE03 /* InfoPlist.strings in Resources */ = {isa = PBXBuildFile; fileRef = F5907722190F3B1B004EAE03 /* InfoPlist.strings */; };
		F5907726190F3B1B004EAE03 /* QuizTests.m in Sources */ = {isa = PBXBuildFile; fileRef = F5907725190F3B1B004EAE03 /* QuizTests.m */; };
/* End PBXBuildFile section */

/* Begin PBXContainerItemProxy section */
		F590771D190F3B1B004EAE03 /* PBXContainerItemProxy */ = {
			isa = PBXContainerItemProxy;
			containerPortal = F59076EF190F3B1B004EAE03 /* Project object */;
			proxyType = 1;
			remoteGlobalIDString = F59076F6190F3B1B004EAE03;
			remoteInfo = Quiz;
		};
/* End PBXContainerItemProxy section */

/* Begin PBXFileReference section */
		F59076F7190F3B1B004EAE03 /* Quiz.app */ = {isa = PBXFileReference; explicitFileType = wrapper.application; includeInIndex = 0; path = Quiz.app; sourceTree = BUILT_PRODUCTS_DIR; };
		F59076FA190F3B1B004EAE03 /* Foundation.framework */ = {isa = PBXFileReference; lastKnownFileType = wrapper.framework; name = Foundation.framework; path = System/Library/Frameworks/Foundation.framework; sourceTree = SDKROOT; };
		F59076FC190F3B1B004EAE03 /* CoreGraphics.framework */ = {isa = PBXFileReference; lastKnownFileType = wrapper.framework; name = CoreGraphics.framework; path = System/Library/Frameworks/CoreGraphics.framework; sourceTree = SDKROOT; };
		F59076FE190F3B1B004EAE03 /* UIKit.framework */ = {isa = PBXFileReference; lastKnownFileType = wrapper.framework; name = UIKit.framework; path = System/Library/Frameworks/UIKit.framework; sourceTree = SDKROOT; };
		F5907702190F3B1B004EAE03 /* Quiz-Info.plist */ = {isa = PBXFileReference; lastKnownFileType = text.plist.xml; path = "Quiz-Info.plist"; sourceTree = "<group>"; };
		F5907704190F3B1B004EAE03 /* en */ = {isa = PBXFileReference; lastKnownFileType = text.plist.strings; name = en; path = en.lproj/InfoPlist.strings; sourceTree = "<group>"; };
		F5907706190F3B1B004EAE03 /* main.m */ = {isa = PBXFileReference; lastKnownFileType = sourcecode.c.objc; path = main.m; sourceTree = "<group>"; };
		F5907708190F3B1B004EAE03 /* Quiz-Prefix.pch */ = {isa = PBXFileReference; lastKnownFileType = sourcecode.c.h; path = "Quiz-Prefix.pch"; sourceTree = "<group>"; };
		F5907709190F3B1B004EAE03 /* QuizAppDelegate.h */ = {isa = PBXFileReference; lastKnownFileType = sourcecode.c.h; path = QuizAppDelegate.h; sourceTree = "<group>"; };
		F590770A190F3B1B004EAE03 /* QuizAppDelegate.m */ = {isa = PBXFileReference; lastKnownFileType = sourcecode.c.objc; path = QuizAppDelegate.m; sourceTree = "<group>"; };
		F590770D190F3B1B004EAE03 /* Base */ = {isa = PBXFileReference; lastKnownFileType = file.storyboard; name = Base; path = Base.lproj/Main.storyboard; sourceTree = "<group>"; };
		F590770F190F3B1B004EAE03 /* QuizViewController.h */ = {isa = PBXFileReference; lastKnownFileType = sourcecode.c.h; path = QuizViewController.h; sourceTree = "<group>"; };
		F5907710190F3B1B004EAE03 /* QuizViewController.m */ = {isa = PBXFileReference; lastKnownFileType = sourcecode.c.objc; path = QuizViewController.m; sourceTree = "<group>"; };
		F5907712190F3B1B004EAE03 /* Images.xcassets */ = {isa = PBXFileReference; lastKnownFileType = folder.assetcatalog; path = Images.xcassets; sourceTree = "<group>"; };
		F5907718190F3B1B004EAE03 /* QuizTests.xctest */ = {isa = PBXFileReference; explicitFileType = wrapper.cfbundle; includeInIndex = 0; path = QuizTests.xctest; sourceTree = BUILT_PRODUCTS_DIR; };
		F5907719190F3B1B004EAE03 /* XCTest.framework */ = {isa = PBXFileReference; lastKnownFileType = wrapper.framework; name = XCTest.framework; path = Library/Frameworks/XCTest.framework; sourceTree = DEVELOPER_DIR; };
		F5907721190F3B1B004EAE03 /* QuizTests-Info.plist */ = {isa = PBXFileReference; lastKnownFileType = text.plist.xml; path = "QuizTests-Info.plist"; sourceTree = "<group>"; };
		F5907723190F3B1B004EAE03 /* en */ = {isa = PBXFileReference; lastKnownFileType = text.plist.strings; name = en; path = en.lproj/InfoPlist.strings; sourceTree = "<group>"; };
		F5907725190F3B1B004EAE03 /* QuizTests.m */ = {isa = PBXFileReference; lastKnownFileType = sourcecode.c.objc; path = QuizTests.m; sourceTree = "<group>"; };
/* End PBXFileReference section */

/* Begin PBXFrameworksBuildPhase section */
		F59076F4190F3B1B004EAE03 /* Frameworks */ = {
			isa = PBXFrameworksBuildPhase;
			buildActionMask = 2147483647;
			files = (
				F59076FD190F3B1B004EAE03 /* CoreGraphics.framework in Frameworks */,
				F59076FF190F3B1B004EAE03 /* UIKit.framework in Frameworks */,
				F59076FB190F3B1B004EAE03 /* Foundation.framework in Frameworks */,
			);
			runOnlyForDeploymentPostprocessing = 0;
		};
		F5907715190F3B1B004EAE03 /* Frameworks */ = {
			isa = PBXFrameworksBuildPhase;
			buildActionMask = 2147483647;
			files = (
				F590771A190F3B1B004EAE03 /* XCTest.framework in Frameworks */,
				F590771C190F3B1B004EAE03 /* UIKit.framework in Frameworks */,
				F590771B190F3B1B004EAE03 /* Foundation.framework in Frameworks */,
			);
			runOnlyForDeploymentPostprocessing = 0;
		};
/* End PBXFrameworksBuildPhase section */

/* Begin PBXGroup section */
		F59076EE190F3B1B004EAE03 = {
			isa = PBXGroup;
			children = (
				F5907700190F3B1B004EAE03 /* Quiz */,
				F590771F190F3B1B004EAE03 /* QuizTests */,
				F59076F9190F3B1B004EAE03 /* Frameworks */,
				F59076F8190F3B1B004EAE03 /* Products */,
			);
			sourceTree = "<group>";
		};
		F59076F8190F3B1B004EAE03 /* Products */ = {
			isa = PBXGroup;
			children = (
				F59076F7190F3B1B004EAE03 /* Quiz.app */,
				F5907718190F3B1B004EAE03 /* QuizTests.xctest */,
			);
			name = Products;
			sourceTree = "<group>";
		};
		F59076F9190F3B1B004EAE03 /* Frameworks */ = {
			isa = PBXGroup;
			children = (
				F59076FA190F3B1B004EAE03 /* Foundation.framework */,
				F59076FC190F3B1B004EAE03 /* CoreGraphics.framework */,
				F59076FE190F3B1B004EAE03 /* UIKit.framework */,
				F5907719190F3B1B004EAE03 /* XCTest.framework */,
			);
			name = Frameworks;
			sourceTree = "<group>";
		};
		F5907700190F3B1B004EAE03 /* Quiz */ = {
			isa = PBXGroup;
			children = (
				F5907709190F3B1B004EAE03 /* QuizAppDelegate.h */,
				F590770A190F3B1B004EAE03 /* QuizAppDelegate.m */,
				F590770C190F3B1B004EAE03 /* Main.storyboard */,
				F590770F190F3B1B004EAE03 /* QuizViewController.h */,
				F5907710190F3B1B004EAE03 /* QuizViewController.m */,
				F5907712190F3B1B004EAE03 /* Images.xcassets */,
				F5907701190F3B1B004EAE03 /* Supporting Files */,
			);
			path = Quiz;
			sourceTree = "<group>";
		};
		F5907701190F3B1B004EAE03 /* Supporting Files */ = {
			isa = PBXGroup;
			children = (
				F5907702190F3B1B004EAE03 /* Quiz-Info.plist */,
				F5907703190F3B1B004EAE03 /* InfoPlist.strings */,
				F5907706190F3B1B004EAE03 /* main.m */,
				F5907708190F3B1B004EAE03 /* Quiz-Prefix.pch */,
			);
			name = "Supporting Files";
			sourceTree = "<group>";
		};
		F590771F190F3B1B004EAE03 /* QuizTests */ = {
			isa = PBXGroup;
			children = (
				F5907725190F3B1B004EAE03 /* QuizTests.m */,
				F5907720190F3B1B004EAE03 /* Supporting Files */,
			);
			path = QuizTests;
			sourceTree = "<group>";
		};
		F5907720190F3B1B004EAE03 /* Supporting Files */ = {
			isa = PBXGroup;
			children = (
				F5907721190F3B1B004EAE03 /* QuizTests-Info.plist */,
				F5907722190F3B1B004EAE03 /* InfoPlist.strings */,
			);
			name = "Supporting Files";
			sourceTree = "<group>";
		};
/* End PBXGroup section */

/* Begin PBXNativeTarget section */
		F59076F6190F3B1B004EAE03 /* Quiz */ = {
			isa = PBXNativeTarget;
			buildConfigurationList = F5907729190F3B1B004EAE03 /* Build configuration list for PBXNativeTarget "Quiz" */;
			buildPhases = (
				F59076F3190F3B1B004EAE03 /* Sources */,
				F59076F4190F3B1B004EAE03 /* Frameworks */,
				F59076F5190F3B1B004EAE03 /* Resources */,
			);
			buildRules = (
			);
			dependencies = (
			);
			name = Quiz;
			productName = Quiz;
			productReference = F59076F7190F3B1B004EAE03 /* Quiz.app */;
			productType = "com.apple.product-type.application";
		};
		F5907717190F3B1B004EAE03 /* QuizTests */ = {
			isa = PBXNativeTarget;
			buildConfigurationList = F590772C190F3B1B004EAE03 /* Build configuration list for PBXNativeTarget "QuizTests" */;
			buildPhases = (
				F5907714190F3B1B004EAE03 /* Sources */,
				F5907715190F3B1B004EAE03 /* Frameworks */,
				F5907716190F3B1B004EAE03 /* Resources */,
			);
			buildRules = (
			);
			dependencies = (
				F590771E190F3B1B004EAE03 /* PBXTargetDependency */,
			);
			name = QuizTests;
			productName = QuizTests;
			productReference = F5907718190F3B1B004EAE03 /* QuizTests.xctest */;
			productType = "com.apple.product-type.bundle.unit-test";
		};
/* End PBXNativeTarget section */

/* Begin PBXProject section */
		F59076EF190F3B1B004EAE03 /* Project object */ = {
			isa = PBXProject;
			attributes = {
				CLASSPREFIX = Quiz;
				LastUpgradeCheck = 0510;
				ORGANIZATIONNAME = com.test;
				TargetAttributes = {
					F5907717190F3B1B004EAE03 = {
						TestTargetID = F59076F6190F3B1B004EAE03;
					};
				};
			};
			buildConfigurationList = F59076F2190F3B1B004EAE03 /* Build configuration list for PBXProject "Quiz" */;
			compatibilityVersion = "Xcode 3.2";
			developmentRegion = English;
			hasScannedForEncodings = 0;
			knownRegions = (
				en,
				Base,
			);
			mainGroup = F59076EE190F3B1B004EAE03;
			productRefGroup = F59076F8190F3B1B004EAE03 /* Products */;
			projectDirPath = "";
			projectRoot = "";
			targets = (
				F59076F6190F3B1B004EAE03 /* Quiz */,
				F5907717190F3B1B004EAE03 /* QuizTests */,
			);
		};
/* End PBXProject section */

/* Begin PBXResourcesBuildPhase section */
		F59076F5190F3B1B004EAE03 /* Resources */ = {
			isa = PBXResourcesBuildPhase;
			buildActionMask = 2147483647;
			files = (
				F5907713190F3B1B004EAE03 /* Images.xcassets in Resources */,
				F5907705190F3B1B004EAE03 /* InfoPlist.strings in Resources */,
				F590770E190F3B1B004EAE03 /* Main.storyboard in Resources */,
			);
			runOnlyForDeploymentPostprocessing = 0;
		};
		F5907716190F3B1B004EAE03 /* Resources */ = {
			isa = PBXResourcesBuildPhase;
			buildActionMask = 2147483647;
			files = (
				F5907724190F3B1B004EAE03 /* InfoPlist.strings in Resources */,
			);
			runOnlyForDeploymentPostprocessing = 0;
		};
/* End PBXResourcesBuildPhase section */

/* Begin PBXSourcesBuildPhase section */
		F59076F3190F3B1B004EAE03 /* Sources */ = {
			isa = PBXSourcesBuildPhase;
			buildActionMask = 2147483647;
			files = (
				F5907707190F3B1B004EAE03 /* main.m in Sources */,
				F590770B190F3B1B004EAE03 /* QuizAppDelegate.m in Sources */,
				F5907711190F3B1B004EAE03 /* QuizViewController.m in Sources */,
			);
			runOnlyForDeploymentPostprocessing = 0;
		};
		F5907714190F3B1B004EAE03 /* Sources */ = {
			isa = PBXSourcesBuildPhase;
			buildActionMask = 2147483647;
			files = (
				F5907726190F3B1B004EAE03 /* QuizTests.m in Sources */,
			);
			runOnlyForDeploymentPostprocessing = 0;
		};
/* End PBXSourcesBuildPhase section */

/* Begin PBXTargetDependency section */
		F590771E190F3B1B004EAE03 /* PBXTargetDependency */ = {
			isa = PBXTargetDependency;
			target = F59076F6190F3B1B004EAE03 /* Quiz */;
			targetProxy = F590771D190F3B1B004EAE03 /* PBXContainerItemProxy */;
		};
/* End PBXTargetDependency section */

/* Begin PBXVariantGroup section */
		F5907703190F3B1B004EAE03 /* InfoPlist.strings */ = {
			isa = PBXVariantGroup;
			children = (
				F5907704190F3B1B004EAE03 /* en */,
			);
			name = InfoPlist.strings;
			sourceTree = "<group>";
		};
		F590770C190F3B1B004EAE03 /* Main.storyboard */ = {
			isa = PBXVariantGroup;
			children = (
				F590770D190F3B1B004EAE03 /* Base */,
			);
			name = Main.storyboard;
			sourceTree = "<group>";
		};
		F5907722190F3B1B004EAE03 /* InfoPlist.strings */ = {
			isa = PBXVariantGroup;
			children = (
				F5907723190F3B1B004EAE03 /* en */,
			);
			name = InfoPlist.strings;
			sourceTree = "<group>";
		};
/* End PBXVariantGroup section */

/* Begin XCBuildConfiguration section */
		F5907727190F3B1B004EAE03 /* Debug */ = {
			isa = XCBuildConfiguration;
			buildSettings = {
				ALWAYS_SEARCH_USER_PATHS = NO;
				CLANG_CXX_LANGUAGE_STANDARD = "gnu++0x";
				CLANG_CXX_LIBRARY = "libc++";
				CLANG_ENABLE_MODULES = YES;
				CLANG_ENABLE_OBJC_ARC = YES;
				CLANG_WARN_BOOL_CONVERSION = YES;
				CLANG_WARN_CONSTANT_CONVERSION = YES;
				CLANG_WARN_DIRECT_OBJC_ISA_USAGE = YES_ERROR;
				CLANG_WARN_EMPTY_BODY = YES;
				CLANG_WARN_ENUM_CONVERSION = YES;
				CLANG_WARN_INT_CONVERSION = YES;
				CLANG_WARN_OBJC_ROOT_CLASS = YES_ERROR;
				CLANG_WARN__DUPLICATE_METHOD_MATCH = YES;
				"CODE_SIGN_IDENTITY[sdk=iphoneos*]" = "iPhone Developer";
				COPY_PHASE_STRIP = NO;
				GCC_C_LANGUAGE_STANDARD = gnu99;
				GCC_DYNAMIC_NO_PIC = NO;
				GCC_OPTIMIZATION_LEVEL = 0;
				GCC_PREPROCESSOR_DEFINITIONS = (
					"DEBUG=1",
					"$(inherited)",
				);
				GCC_SYMBOLS_PRIVATE_EXTERN = NO;
				GCC_WARN_64_TO_32_BIT_CONVERSION = YES;
				GCC_WARN_ABOUT_RETURN_TYPE = YES_ERROR;
				GCC_WARN_UNDECLARED_SELECTOR = YES;
				GCC_WARN_UNINITIALIZED_AUTOS = YES_AGGRESSIVE;
				GCC_WARN_UNUSED_FUNCTION = YES;
				GCC_WARN_UNUSED_VARIABLE = YES;
				IPHONEOS_DEPLOYMENT_TARGET = 7.1;
				ONLY_ACTIVE_ARCH = YES;
				SDKROOT = iphoneos;
			};
			name = Debug;
		};
		F5907728190F3B1B004EAE03 /* Release */ = {
			isa = XCBuildConfiguration;
			buildSettings = {
				ALWAYS_SEARCH_USER_PATHS = NO;
				CLANG_CXX_LANGUAGE_STANDARD = "gnu++0x";
				CLANG_CXX_LIBRARY = "libc++";
				CLANG_ENABLE_MODULES = YES;
				CLANG_ENABLE_OBJC_ARC = YES;
				CLANG_WARN_BOOL_CONVERSION = YES;
				CLANG_WARN_CONSTANT_CONVERSION = YES;
				CLANG_WARN_DIRECT_OBJC_ISA_USAGE = YES_ERROR;
				CLANG_WARN_EMPTY_BODY = YES;
				CLANG_WARN_ENUM_CONVERSION = YES;
				CLANG_WARN_INT_CONVERSION = YES;
				CLANG_WARN_OBJC_ROOT_CLASS = YES_ERROR;
				CLANG_WARN__DUPLICATE_METHOD_MATCH = YES;
				"CODE_SIGN_IDENTITY[sdk=iphoneos*]" = "iPhone Developer";
				COPY_PHASE_STRIP = YES;
				ENABLE_NS_ASSERTIONS = NO;
				GCC_C_LANGUAGE_STANDARD = gnu99;
				GCC_WARN_64_TO_32_BIT_CONVERSION = YES;
				GCC_WARN_ABOUT_RETURN_TYPE = YES_ERROR;
				GCC_WARN_UNDECLARED_SELECTOR = YES;
				GCC_WARN_UNINITIALIZED_AUTOS = YES_AGGRESSIVE;
				GCC_WARN_UNUSED_FUNCTION = YES;
				GCC_WARN_UNUSED_VARIABLE = YES;
				IPHONEOS_DEPLOYMENT_TARGET = 7.1;
				SDKROOT = iphoneos;
				VALIDATE_PRODUCT = YES;
			};
			name = Release;
		};
		F590772A190F3B1B004EAE03 /* Debug */ = {
			isa = XCBuildConfiguration;
			buildSettings = {
				ASSETCATALOG_COMPILER_APPICON_NAME = AppIcon;
				ASSETCATALOG_COMPILER_LAUNCHIMAGE_NAME = LaunchImage;
				GCC_PRECOMPILE_PREFIX_HEADER = YES;
				GCC_PREFIX_HEADER = "Quiz/Quiz-Prefix.pch";
				INFOPLIST_FILE = "Quiz/Quiz-Info.plist";
				PRODUCT_NAME = "$(TARGET_NAME)";
				WRAPPER_EXTENSION = app;
			};
			name = Debug;
		};
		F590772B190F3B1B004EAE03 /* Release */ = {
			isa = XCBuildConfiguration;
			buildSettings = {
				ASSETCATALOG_COMPILER_APPICON_NAME = AppIcon;
				ASSETCATALOG_COMPILER_LAUNCHIMAGE_NAME = LaunchImage;
				GCC_PRECOMPILE_PREFIX_HEADER = YES;
				GCC_PREFIX_HEADER = "Quiz/Quiz-Prefix.pch";
				INFOPLIST_FILE = "Quiz/Quiz-Info.plist";
				PRODUCT_NAME = "$(TARGET_NAME)";
				WRAPPER_EXTENSION = app;
			};
			name = Release;
		};
		F590772D190F3B1B004EAE03 /* Debug */ = {
			isa = XCBuildConfiguration;
			buildSettings = {
				BUNDLE_LOADER = "$(BUILT_PRODUCTS_DIR)/Quiz.app/Quiz";
				FRAMEWORK_SEARCH_PATHS = (
					"$(SDKROOT)/Developer/Library/Frameworks",
					"$(inherited)",
					"$(DEVELOPER_FRAMEWORKS_DIR)",
				);
				GCC_PRECOMPILE_PREFIX_HEADER = YES;
				GCC_PREFIX_HEADER = "Quiz/Quiz-Prefix.pch";
				GCC_PREPROCESSOR_DEFINITIONS = (
					"DEBUG=1",
					"$(inherited)",
				);
				INFOPLIST_FILE = "QuizTests/QuizTests-Info.plist";
				PRODUCT_NAME = "$(TARGET_NAME)";
				TEST_HOST = "$(BUNDLE_LOADER)";
				WRAPPER_EXTENSION = xctest;
			};
			name = Debug;
		};
		F590772E190F3B1B004EAE03 /* Release */ = {
			isa = XCBuildConfiguration;
			buildSettings = {
				BUNDLE_LOADER = "$(BUILT_PRODUCTS_DIR)/Quiz.app/Quiz";
				FRAMEWORK_SEARCH_PATHS = (
					"$(SDKROOT)/Developer/Library/Frameworks",
					"$(inherited)",
					"$(DEVELOPER_FRAMEWORKS_DIR)",
				);
				GCC_PRECOMPILE_PREFIX_HEADER = YES;
				GCC_PREFIX_HEADER = "Quiz/Quiz-Prefix.pch";
				INFOPLIST_FILE = "QuizTests/QuizTests-Info.plist";
				PRODUCT_NAME = "$(TARGET_NAME)";
				TEST_HOST = "$(BUNDLE_LOADER)";
				WRAPPER_EXTENSION = xctest;
			};
			name = Release;
		};
/* End XCBuildConfiguration section */

/* Begin XCConfigurationList section */
		F59076F2190F3B1B004EAE03 /* Build configuration list for PBXProject "Quiz" */ = {
			isa = XCConfigurationList;
			buildConfigurations = (
				F5907727190F3B1B004EAE03 /* Debug */,
				F5907728190F3B1B004EAE03 /* Release */,
			);
			defaultConfigurationIsVisible = 0;
			defaultConfigurationName = Release;
		};
		F5907729190F3B1B004EAE03 /* Build configuration list for PBXNativeTarget "Quiz" */ = {
			isa = XCConfigurationList;
			buildConfigurations = (
				F590772A190F3B1B004EAE03 /* Debug */,
				F590772B190F3B1B004EAE03 /* Release */,
			);
			defaultConfigurationIsVisible = 0;
			defaultConfigurationName = Release;
		};
		F590772C190F3B1B004EAE03 /* Build configuration list for PBXNativeTarget "QuizTests" */ = {
			isa = XCConfigurationList;
			buildConfigurations = (
				F590772D190F3B1B004EAE03 /* Debug */,
				F590772E190F3B1B004EAE03 /* Release */,
			);
			defaultConfigurationIsVisible = 0;
			defaultConfigurationName = Release;
		};
/* End XCConfigurationList section */
	};
	rootObject = F59076EF190F3B1B004EAE03 /* Project object */;
}
